// !$*UTF8*$!
{
	archiveVersion = 1;
	classes = {
	};
	objectVersion = 50;
	objects = {

/* Begin PBXBuildFile section */
		09FC1CDF225FC3FE00CEAAED /* AppError.swift in Sources */ = {isa = PBXBuildFile; fileRef = 09FC1CDE225FC3FE00CEAAED /* AppError.swift */; };
		09FC1CE1225FC48500CEAAED /* NetworkHelper.swift in Sources */ = {isa = PBXBuildFile; fileRef = 09FC1CE0225FC48500CEAAED /* NetworkHelper.swift */; };
		2B6254D9225FA55800704ED4 /* NewsView.swift in Sources */ = {isa = PBXBuildFile; fileRef = 2B6254D8225FA55800704ED4 /* NewsView.swift */; };
		2B6254DC225FA65C00704ED4 /* NewsCollectionViewCell.swift in Sources */ = {isa = PBXBuildFile; fileRef = 2B6254DB225FA65C00704ED4 /* NewsCollectionViewCell.swift */; };
		2BC11DD322610F230031D26A /* NewsDataManager.swift in Sources */ = {isa = PBXBuildFile; fileRef = 2BC11DD222610F230031D26A /* NewsDataManager.swift */; };
		2BC11DD52261101F0031D26A /* DataPersistenceManager.swift in Sources */ = {isa = PBXBuildFile; fileRef = 2BC11DD42261101F0031D26A /* DataPersistenceManager.swift */; };
		2BC11DD7226125D90031D26A /* SecretKeys.swift in Sources */ = {isa = PBXBuildFile; fileRef = 2BC11DD6226125D90031D26A /* SecretKeys.swift */; };
		6295AE3C225E3A6C007118E3 /* DBService.swift in Sources */ = {isa = PBXBuildFile; fileRef = 6295AE3B225E3A6C007118E3 /* DBService.swift */; };
		6295AE3E2260FC7B007118E3 /* SolarDetailView.swift in Sources */ = {isa = PBXBuildFile; fileRef = 6295AE3D2260FC7B007118E3 /* SolarDetailView.swift */; };
		62B8FEB4227299EF0020E854 /* TapRecognizerView.swift in Sources */ = {isa = PBXBuildFile; fileRef = 62B8FEB3227299EF0020E854 /* TapRecognizerView.swift */; };
		62B8FEB62276646D0020E854 /* PlanetInfoView.swift in Sources */ = {isa = PBXBuildFile; fileRef = 62B8FEB52276646D0020E854 /* PlanetInfoView.swift */; };

		900465A8227201220066D13D /* MenuClick.wav in Resources */ = {isa = PBXBuildFile; fileRef = 900465A5227201210066D13D /* MenuClick.wav */; };
		900465A9227201220066D13D /* planetSelect.wav in Resources */ = {isa = PBXBuildFile; fileRef = 900465A6227201220066D13D /* planetSelect.wav */; };
		900465AC227272D50066D13D /* CubeMapBox.swift in Sources */ = {isa = PBXBuildFile; fileRef = 900465AB227272D50066D13D /* CubeMapBox.swift */; };
		90066945226E0C8600CC1770 /* CubeMapWall.swift in Sources */ = {isa = PBXBuildFile; fileRef = 90066944226E0C8600CC1770 /* CubeMapWall.swift */; };
		900A58BE2257F01100C2C626 /* AppDelegate.swift in Sources */ = {isa = PBXBuildFile; fileRef = 900A58BD2257F01100C2C626 /* AppDelegate.swift */; };
		900A58C02257F01100C2C626 /* art.scnassets in Resources */ = {isa = PBXBuildFile; fileRef = 900A58BF2257F01100C2C626 /* art.scnassets */; };
		900A58C22257F01100C2C626 /* SolarViewController.swift in Sources */ = {isa = PBXBuildFile; fileRef = 900A58C12257F01100C2C626 /* SolarViewController.swift */; };
		900A58C52257F01100C2C626 /* Main.storyboard in Resources */ = {isa = PBXBuildFile; fileRef = 900A58C32257F01100C2C626 /* Main.storyboard */; };
		900A58C72257F01200C2C626 /* Assets.xcassets in Resources */ = {isa = PBXBuildFile; fileRef = 900A58C62257F01200C2C626 /* Assets.xcassets */; };
		900A58CA2257F01200C2C626 /* LaunchScreen.storyboard in Resources */ = {isa = PBXBuildFile; fileRef = 900A58C82257F01200C2C626 /* LaunchScreen.storyboard */; };
		900C0DEE225BE8DE0027BBF9 /* planet.json in Resources */ = {isa = PBXBuildFile; fileRef = 900C0DED225BE8DE0027BBF9 /* planet.json */; };
		900C0DF0225BE90C0027BBF9 /* NewsAPIClient.swift in Sources */ = {isa = PBXBuildFile; fileRef = 900C0DEF225BE90C0027BBF9 /* NewsAPIClient.swift */; };
		900C0DF2225BE91A0027BBF9 /* ImageHelper.swift in Sources */ = {isa = PBXBuildFile; fileRef = 900C0DF1225BE91A0027BBF9 /* ImageHelper.swift */; };
		900C0DF4225BE9270027BBF9 /* PlanetsInfo.swift in Sources */ = {isa = PBXBuildFile; fileRef = 900C0DF3225BE9270027BBF9 /* PlanetsInfo.swift */; };
		900C0DF6225BE9300027BBF9 /* NewsInfo.swift in Sources */ = {isa = PBXBuildFile; fileRef = 900C0DF5225BE9300027BBF9 /* NewsInfo.swift */; };
		900C0DFA225BE9820027BBF9 /* MenuViewController.swift in Sources */ = {isa = PBXBuildFile; fileRef = 900C0DF9225BE9820027BBF9 /* MenuViewController.swift */; };
		900C0DFC225BE9C90027BBF9 /* SolarDetailViewController.swift in Sources */ = {isa = PBXBuildFile; fileRef = 900C0DFB225BE9C90027BBF9 /* SolarDetailViewController.swift */; };
		900C0E00225BE9E90027BBF9 /* NewsViewController.swift in Sources */ = {isa = PBXBuildFile; fileRef = 900C0DFF225BE9E90027BBF9 /* NewsViewController.swift */; };
		900C0E05225BEA560027BBF9 /* Protocols.swift in Sources */ = {isa = PBXBuildFile; fileRef = 900C0E04225BEA560027BBF9 /* Protocols.swift */; };
		9033D9402260DB8B000ACA50 /* MenuView.swift in Sources */ = {isa = PBXBuildFile; fileRef = 9033D93F2260DB8B000ACA50 /* MenuView.swift */; };
		90BAD002225E87BA00587F57 /* Planet.swift in Sources */ = {isa = PBXBuildFile; fileRef = 90BACFFF225E87BA00587F57 /* Planet.swift */; };
		90BAD003225E87BA00587F57 /* CelestialBody.swift in Sources */ = {isa = PBXBuildFile; fileRef = 90BAD000225E87BA00587F57 /* CelestialBody.swift */; };
		90BAD004225E87BA00587F57 /* PlanetaryBody.swift in Sources */ = {isa = PBXBuildFile; fileRef = 90BAD001225E87BA00587F57 /* PlanetaryBody.swift */; };
		90F37BD522695C0400645186 /* PlanetsMoved.swift in Sources */ = {isa = PBXBuildFile; fileRef = 90F37BD422695C0400645186 /* PlanetsMoved.swift */; };
		90F37BD722695CBE00645186 /* SolarView.swift in Sources */ = {isa = PBXBuildFile; fileRef = 90F37BD622695CBE00645186 /* SolarView.swift */; };
/* End PBXBuildFile section */

/* Begin PBXFileReference section */
		09FC1CDE225FC3FE00CEAAED /* AppError.swift */ = {isa = PBXFileReference; lastKnownFileType = sourcecode.swift; path = AppError.swift; sourceTree = "<group>"; };
		09FC1CE0225FC48500CEAAED /* NetworkHelper.swift */ = {isa = PBXFileReference; lastKnownFileType = sourcecode.swift; path = NetworkHelper.swift; sourceTree = "<group>"; };
		2B6254D8225FA55800704ED4 /* NewsView.swift */ = {isa = PBXFileReference; fileEncoding = 4; lastKnownFileType = sourcecode.swift; name = NewsView.swift; path = ../NewsView.swift; sourceTree = "<group>"; };
		2B6254DB225FA65C00704ED4 /* NewsCollectionViewCell.swift */ = {isa = PBXFileReference; lastKnownFileType = sourcecode.swift; path = NewsCollectionViewCell.swift; sourceTree = "<group>"; };
		2BC11DD222610F230031D26A /* NewsDataManager.swift */ = {isa = PBXFileReference; lastKnownFileType = sourcecode.swift; path = NewsDataManager.swift; sourceTree = "<group>"; };
		2BC11DD42261101F0031D26A /* DataPersistenceManager.swift */ = {isa = PBXFileReference; lastKnownFileType = sourcecode.swift; path = DataPersistenceManager.swift; sourceTree = "<group>"; };
		2BC11DD6226125D90031D26A /* SecretKeys.swift */ = {isa = PBXFileReference; lastKnownFileType = sourcecode.swift; path = SecretKeys.swift; sourceTree = "<group>"; };
		6295AE3B225E3A6C007118E3 /* DBService.swift */ = {isa = PBXFileReference; lastKnownFileType = sourcecode.swift; path = DBService.swift; sourceTree = "<group>"; };
		6295AE3D2260FC7B007118E3 /* SolarDetailView.swift */ = {isa = PBXFileReference; lastKnownFileType = sourcecode.swift; path = SolarDetailView.swift; sourceTree = "<group>"; };
		62B8FEB3227299EF0020E854 /* TapRecognizerView.swift */ = {isa = PBXFileReference; lastKnownFileType = sourcecode.swift; path = TapRecognizerView.swift; sourceTree = "<group>"; };
		62B8FEB52276646D0020E854 /* PlanetInfoView.swift */ = {isa = PBXFileReference; lastKnownFileType = sourcecode.swift; path = PlanetInfoView.swift; sourceTree = "<group>"; };

		900465A5227201210066D13D /* MenuClick.wav */ = {isa = PBXFileReference; lastKnownFileType = audio.wav; path = MenuClick.wav; sourceTree = "<group>"; };
		900465A6227201220066D13D /* planetSelect.wav */ = {isa = PBXFileReference; lastKnownFileType = audio.wav; path = planetSelect.wav; sourceTree = "<group>"; };
		900465AB227272D50066D13D /* CubeMapBox.swift */ = {isa = PBXFileReference; lastKnownFileType = sourcecode.swift; path = CubeMapBox.swift; sourceTree = "<group>"; };
		90066944226E0C8600CC1770 /* CubeMapWall.swift */ = {isa = PBXFileReference; lastKnownFileType = sourcecode.swift; path = CubeMapWall.swift; sourceTree = "<group>"; };
		900A58BA2257F01100C2C626 /* StellarApp.app */ = {isa = PBXFileReference; explicitFileType = wrapper.application; includeInIndex = 0; path = StellarApp.app; sourceTree = BUILT_PRODUCTS_DIR; };
		900A58BD2257F01100C2C626 /* AppDelegate.swift */ = {isa = PBXFileReference; lastKnownFileType = sourcecode.swift; path = AppDelegate.swift; sourceTree = "<group>"; };
		900A58BF2257F01100C2C626 /* art.scnassets */ = {isa = PBXFileReference; lastKnownFileType = wrapper.scnassets; path = art.scnassets; sourceTree = "<group>"; };
		900A58C12257F01100C2C626 /* SolarViewController.swift */ = {isa = PBXFileReference; lastKnownFileType = sourcecode.swift; path = SolarViewController.swift; sourceTree = "<group>"; };
		900A58C42257F01100C2C626 /* Base */ = {isa = PBXFileReference; lastKnownFileType = file.storyboard; name = Base; path = Base.lproj/Main.storyboard; sourceTree = "<group>"; };
		900A58C62257F01200C2C626 /* Assets.xcassets */ = {isa = PBXFileReference; lastKnownFileType = folder.assetcatalog; path = Assets.xcassets; sourceTree = "<group>"; };
		900A58C92257F01200C2C626 /* Base */ = {isa = PBXFileReference; lastKnownFileType = file.storyboard; name = Base; path = Base.lproj/LaunchScreen.storyboard; sourceTree = "<group>"; };
		900A58CB2257F01200C2C626 /* Info.plist */ = {isa = PBXFileReference; lastKnownFileType = text.plist.xml; path = Info.plist; sourceTree = "<group>"; };
		900C0DED225BE8DE0027BBF9 /* planet.json */ = {isa = PBXFileReference; lastKnownFileType = text.json; path = planet.json; sourceTree = "<group>"; };
		900C0DEF225BE90C0027BBF9 /* NewsAPIClient.swift */ = {isa = PBXFileReference; lastKnownFileType = sourcecode.swift; path = NewsAPIClient.swift; sourceTree = "<group>"; };
		900C0DF1225BE91A0027BBF9 /* ImageHelper.swift */ = {isa = PBXFileReference; lastKnownFileType = sourcecode.swift; path = ImageHelper.swift; sourceTree = "<group>"; };
		900C0DF3225BE9270027BBF9 /* PlanetsInfo.swift */ = {isa = PBXFileReference; lastKnownFileType = sourcecode.swift; path = PlanetsInfo.swift; sourceTree = "<group>"; };
		900C0DF5225BE9300027BBF9 /* NewsInfo.swift */ = {isa = PBXFileReference; lastKnownFileType = sourcecode.swift; path = NewsInfo.swift; sourceTree = "<group>"; };
		900C0DF9225BE9820027BBF9 /* MenuViewController.swift */ = {isa = PBXFileReference; lastKnownFileType = sourcecode.swift; path = MenuViewController.swift; sourceTree = "<group>"; };
		900C0DFB225BE9C90027BBF9 /* SolarDetailViewController.swift */ = {isa = PBXFileReference; lastKnownFileType = sourcecode.swift; path = SolarDetailViewController.swift; sourceTree = "<group>"; };
		900C0DFF225BE9E90027BBF9 /* NewsViewController.swift */ = {isa = PBXFileReference; lastKnownFileType = sourcecode.swift; path = NewsViewController.swift; sourceTree = "<group>"; };
		900C0E04225BEA560027BBF9 /* Protocols.swift */ = {isa = PBXFileReference; lastKnownFileType = sourcecode.swift; path = Protocols.swift; sourceTree = "<group>"; };
		9033D93F2260DB8B000ACA50 /* MenuView.swift */ = {isa = PBXFileReference; lastKnownFileType = sourcecode.swift; path = MenuView.swift; sourceTree = "<group>"; };
		90BACFFF225E87BA00587F57 /* Planet.swift */ = {isa = PBXFileReference; fileEncoding = 4; lastKnownFileType = sourcecode.swift; path = Planet.swift; sourceTree = "<group>"; };
		90BAD000225E87BA00587F57 /* CelestialBody.swift */ = {isa = PBXFileReference; fileEncoding = 4; lastKnownFileType = sourcecode.swift; path = CelestialBody.swift; sourceTree = "<group>"; };
		90BAD001225E87BA00587F57 /* PlanetaryBody.swift */ = {isa = PBXFileReference; fileEncoding = 4; lastKnownFileType = sourcecode.swift; path = PlanetaryBody.swift; sourceTree = "<group>"; };
		90F37BD422695C0400645186 /* PlanetsMoved.swift */ = {isa = PBXFileReference; lastKnownFileType = sourcecode.swift; path = PlanetsMoved.swift; sourceTree = "<group>"; };
		90F37BD622695CBE00645186 /* SolarView.swift */ = {isa = PBXFileReference; lastKnownFileType = sourcecode.swift; path = SolarView.swift; sourceTree = "<group>"; };
/* End PBXFileReference section */

/* Begin PBXFrameworksBuildPhase section */
		900A58B72257F01100C2C626 /* Frameworks */ = {
			isa = PBXFrameworksBuildPhase;
			buildActionMask = 2147483647;
			files = (
			);
			runOnlyForDeploymentPostprocessing = 0;
		};
/* End PBXFrameworksBuildPhase section */

/* Begin PBXGroup section */
		2B6254DA225FA5D100704ED4 /* View */ = {
			isa = PBXGroup;
			children = (
				90F37BD622695CBE00645186 /* SolarView.swift */,
				2B6254D8225FA55800704ED4 /* NewsView.swift */,
				6295AE3D2260FC7B007118E3 /* SolarDetailView.swift */,
				62B8FEB52276646D0020E854 /* PlanetInfoView.swift */,
				9033D93F2260DB8B000ACA50 /* MenuView.swift */,
				2B6254DB225FA65C00704ED4 /* NewsCollectionViewCell.swift */,
			);
			name = View;
			path = Controllers/View;
			sourceTree = "<group>";
		};
		900465AA2272012A0066D13D /* Sounds Files */ = {
			isa = PBXGroup;
			children = (
				900465A6227201220066D13D /* planetSelect.wav */,
				900465A5227201210066D13D /* MenuClick.wav */,

			);
			path = "Sounds Files";
			sourceTree = "<group>";
		};
		900A58B12257F01100C2C626 = {
			isa = PBXGroup;
			children = (
				900A58BC2257F01100C2C626 /* StellarApp */,
				900A58BB2257F01100C2C626 /* Products */,
			);
			sourceTree = "<group>";
		};
		900A58BB2257F01100C2C626 /* Products */ = {
			isa = PBXGroup;
			children = (
				900A58BA2257F01100C2C626 /* StellarApp.app */,
			);
			name = Products;
			sourceTree = "<group>";
		};
		900A58BC2257F01100C2C626 /* StellarApp */ = {
			isa = PBXGroup;
			children = (
				900A58BF2257F01100C2C626 /* art.scnassets */,
				900C0E02225BEA0E0027BBF9 /* JSON */,
				900465AA2272012A0066D13D /* Sounds Files */,
				90BACFFD225E875E00587F57 /* Protocol */,
				900C0E03225BEA1E0027BBF9 /* Models */,
				900C0E01225BEA000027BBF9 /* Controllers */,
				2B6254DA225FA5D100704ED4 /* View */,
				900C0E06225BEA630027BBF9 /* Utilities */,
				900A58BD2257F01100C2C626 /* AppDelegate.swift */,
				900A58C32257F01100C2C626 /* Main.storyboard */,
				900A58C62257F01200C2C626 /* Assets.xcassets */,
				900A58C82257F01200C2C626 /* LaunchScreen.storyboard */,
				900A58CB2257F01200C2C626 /* Info.plist */,
			);
			path = StellarApp;
			sourceTree = "<group>";
		};
		900C0E01225BEA000027BBF9 /* Controllers */ = {
			isa = PBXGroup;
			children = (
				900A58C12257F01100C2C626 /* SolarViewController.swift */,
				900C0DF9225BE9820027BBF9 /* MenuViewController.swift */,
				900C0DFB225BE9C90027BBF9 /* SolarDetailViewController.swift */,
				900C0DFF225BE9E90027BBF9 /* NewsViewController.swift */,
			);
			path = Controllers;
			sourceTree = "<group>";
		};
		900C0E02225BEA0E0027BBF9 /* JSON */ = {
			isa = PBXGroup;
			children = (
				900C0DED225BE8DE0027BBF9 /* planet.json */,
			);
			path = JSON;
			sourceTree = "<group>";
		};
		900C0E03225BEA1E0027BBF9 /* Models */ = {
			isa = PBXGroup;
			children = (
				900C0DF3225BE9270027BBF9 /* PlanetsInfo.swift */,
				900C0DF5225BE9300027BBF9 /* NewsInfo.swift */,
				2BC11DD222610F230031D26A /* NewsDataManager.swift */,
				2BC11DD42261101F0031D26A /* DataPersistenceManager.swift */,
			);
			path = Models;
			sourceTree = "<group>";
		};
		900C0E06225BEA630027BBF9 /* Utilities */ = {
			isa = PBXGroup;
			children = (
				900C0E04225BEA560027BBF9 /* Protocols.swift */,
				6295AE3B225E3A6C007118E3 /* DBService.swift */,
				62B8FEB3227299EF0020E854 /* TapRecognizerView.swift */,
				900C0DEF225BE90C0027BBF9 /* NewsAPIClient.swift */,
				09FC1CE0225FC48500CEAAED /* NetworkHelper.swift */,
				900C0DF1225BE91A0027BBF9 /* ImageHelper.swift */,
				09FC1CDE225FC3FE00CEAAED /* AppError.swift */,
				2BC11DD6226125D90031D26A /* SecretKeys.swift */,
			);
			path = Utilities;
			sourceTree = "<group>";
		};
		90BACFFD225E875E00587F57 /* Protocol */ = {
			isa = PBXGroup;
			children = (
				90BAD000225E87BA00587F57 /* CelestialBody.swift */,
				90BAD001225E87BA00587F57 /* PlanetaryBody.swift */,
				90BACFFF225E87BA00587F57 /* Planet.swift */,
				90F37BD422695C0400645186 /* PlanetsMoved.swift */,
				90066944226E0C8600CC1770 /* CubeMapWall.swift */,
				900465AB227272D50066D13D /* CubeMapBox.swift */,
			);
			path = Protocol;
			sourceTree = "<group>";
		};
/* End PBXGroup section */

/* Begin PBXNativeTarget section */
		900A58B92257F01100C2C626 /* StellarApp */ = {
			isa = PBXNativeTarget;
			buildConfigurationList = 900A58CE2257F01200C2C626 /* Build configuration list for PBXNativeTarget "StellarApp" */;
			buildPhases = (
				900A58B62257F01100C2C626 /* Sources */,
				900A58B72257F01100C2C626 /* Frameworks */,
				900A58B82257F01100C2C626 /* Resources */,
			);
			buildRules = (
			);
			dependencies = (
			);
			name = StellarApp;
			productName = StellarApp;
			productReference = 900A58BA2257F01100C2C626 /* StellarApp.app */;
			productType = "com.apple.product-type.application";
		};
/* End PBXNativeTarget section */

/* Begin PBXProject section */
		900A58B22257F01100C2C626 /* Project object */ = {
			isa = PBXProject;
			attributes = {
				LastSwiftUpdateCheck = 1020;
				LastUpgradeCheck = 1020;
				ORGANIZATIONNAME = TingxinLi;
				TargetAttributes = {
					900A58B92257F01100C2C626 = {
						CreatedOnToolsVersion = 10.2;
					};
				};
			};
			buildConfigurationList = 900A58B52257F01100C2C626 /* Build configuration list for PBXProject "StellarApp" */;
			compatibilityVersion = "Xcode 9.3";
			developmentRegion = en;
			hasScannedForEncodings = 0;
			knownRegions = (
				en,
				Base,
			);
			mainGroup = 900A58B12257F01100C2C626;
			productRefGroup = 900A58BB2257F01100C2C626 /* Products */;
			projectDirPath = "";
			projectRoot = "";
			targets = (
				900A58B92257F01100C2C626 /* StellarApp */,
			);
		};
/* End PBXProject section */

/* Begin PBXResourcesBuildPhase section */
		900A58B82257F01100C2C626 /* Resources */ = {
			isa = PBXResourcesBuildPhase;
			buildActionMask = 2147483647;
			files = (
				900A58C02257F01100C2C626 /* art.scnassets in Resources */,

				900465A9227201220066D13D /* planetSelect.wav in Resources */,
				900A58CA2257F01200C2C626 /* LaunchScreen.storyboard in Resources */,
				900A58C72257F01200C2C626 /* Assets.xcassets in Resources */,
				900C0DEE225BE8DE0027BBF9 /* planet.json in Resources */,
				900A58C52257F01100C2C626 /* Main.storyboard in Resources */,
				900465A8227201220066D13D /* MenuClick.wav in Resources */,
			);
			runOnlyForDeploymentPostprocessing = 0;
		};
/* End PBXResourcesBuildPhase section */

/* Begin PBXSourcesBuildPhase section */
		900A58B62257F01100C2C626 /* Sources */ = {
			isa = PBXSourcesBuildPhase;
			buildActionMask = 2147483647;
			files = (
				900C0DF0225BE90C0027BBF9 /* NewsAPIClient.swift in Sources */,
				2BC11DD322610F230031D26A /* NewsDataManager.swift in Sources */,
				2B6254DC225FA65C00704ED4 /* NewsCollectionViewCell.swift in Sources */,
				900C0DF4225BE9270027BBF9 /* PlanetsInfo.swift in Sources */,
				90BAD003225E87BA00587F57 /* CelestialBody.swift in Sources */,
				90066945226E0C8600CC1770 /* CubeMapWall.swift in Sources */,
				2B6254D9225FA55800704ED4 /* NewsView.swift in Sources */,
				9033D9402260DB8B000ACA50 /* MenuView.swift in Sources */,
				2BC11DD7226125D90031D26A /* SecretKeys.swift in Sources */,
				90BAD003225E87BA00587F57 /* CelestialBody.swift in Sources */,
				2B6254D9225FA55800704ED4 /* NewsView.swift in Sources */,
				09FC1CDF225FC3FE00CEAAED /* AppError.swift in Sources */,
				62B8FEB4227299EF0020E854 /* TapRecognizerView.swift in Sources */,
				90BAD004225E87BA00587F57 /* PlanetaryBody.swift in Sources */,
				900C0E05225BEA560027BBF9 /* Protocols.swift in Sources */,
				2BC11DD52261101F0031D26A /* DataPersistenceManager.swift in Sources */,
				62B8FEB62276646D0020E854 /* PlanetInfoView.swift in Sources */,
				900A58C22257F01100C2C626 /* SolarViewController.swift in Sources */,
				90BAD002225E87BA00587F57 /* Planet.swift in Sources */,
				900C0E00225BE9E90027BBF9 /* NewsViewController.swift in Sources */,
				900465AC227272D50066D13D /* CubeMapBox.swift in Sources */,
				90F37BD722695CBE00645186 /* SolarView.swift in Sources */,
				6295AE3E2260FC7B007118E3 /* SolarDetailView.swift in Sources */,
				09FC1CE1225FC48500CEAAED /* NetworkHelper.swift in Sources */,
				900A58BE2257F01100C2C626 /* AppDelegate.swift in Sources */,
				900C0DF6225BE9300027BBF9 /* NewsInfo.swift in Sources */,
				900C0DFC225BE9C90027BBF9 /* SolarDetailViewController.swift in Sources */,
				6295AE3C225E3A6C007118E3 /* DBService.swift in Sources */,
				900C0DF2225BE91A0027BBF9 /* ImageHelper.swift in Sources */,
				900C0DFA225BE9820027BBF9 /* MenuViewController.swift in Sources */,
				90F37BD522695C0400645186 /* PlanetsMoved.swift in Sources */,
			);
			runOnlyForDeploymentPostprocessing = 0;
		};
/* End PBXSourcesBuildPhase section */

/* Begin PBXVariantGroup section */
		900A58C32257F01100C2C626 /* Main.storyboard */ = {
			isa = PBXVariantGroup;
			children = (
				900A58C42257F01100C2C626 /* Base */,
			);
			name = Main.storyboard;
			sourceTree = "<group>";
		};
		900A58C82257F01200C2C626 /* LaunchScreen.storyboard */ = {
			isa = PBXVariantGroup;
			children = (
				900A58C92257F01200C2C626 /* Base */,
			);
			name = LaunchScreen.storyboard;
			sourceTree = "<group>";
		};
/* End PBXVariantGroup section */

/* Begin XCBuildConfiguration section */
		900A58CC2257F01200C2C626 /* Debug */ = {
			isa = XCBuildConfiguration;
			buildSettings = {
				ALWAYS_SEARCH_USER_PATHS = NO;
				CLANG_ANALYZER_NONNULL = YES;
				CLANG_ANALYZER_NUMBER_OBJECT_CONVERSION = YES_AGGRESSIVE;
				CLANG_CXX_LANGUAGE_STANDARD = "gnu++14";
				CLANG_CXX_LIBRARY = "libc++";
				CLANG_ENABLE_MODULES = YES;
				CLANG_ENABLE_OBJC_ARC = YES;
				CLANG_ENABLE_OBJC_WEAK = YES;
				CLANG_WARN_BLOCK_CAPTURE_AUTORELEASING = YES;
				CLANG_WARN_BOOL_CONVERSION = YES;
				CLANG_WARN_COMMA = YES;
				CLANG_WARN_CONSTANT_CONVERSION = YES;
				CLANG_WARN_DEPRECATED_OBJC_IMPLEMENTATIONS = YES;
				CLANG_WARN_DIRECT_OBJC_ISA_USAGE = YES_ERROR;
				CLANG_WARN_DOCUMENTATION_COMMENTS = YES;
				CLANG_WARN_EMPTY_BODY = YES;
				CLANG_WARN_ENUM_CONVERSION = YES;
				CLANG_WARN_INFINITE_RECURSION = YES;
				CLANG_WARN_INT_CONVERSION = YES;
				CLANG_WARN_NON_LITERAL_NULL_CONVERSION = YES;
				CLANG_WARN_OBJC_IMPLICIT_RETAIN_SELF = YES;
				CLANG_WARN_OBJC_LITERAL_CONVERSION = YES;
				CLANG_WARN_OBJC_ROOT_CLASS = YES_ERROR;
				CLANG_WARN_RANGE_LOOP_ANALYSIS = YES;
				CLANG_WARN_STRICT_PROTOTYPES = YES;
				CLANG_WARN_SUSPICIOUS_MOVE = YES;
				CLANG_WARN_UNGUARDED_AVAILABILITY = YES_AGGRESSIVE;
				CLANG_WARN_UNREACHABLE_CODE = YES;
				CLANG_WARN__DUPLICATE_METHOD_MATCH = YES;
				CODE_SIGN_IDENTITY = "iPhone Developer";
				COPY_PHASE_STRIP = NO;
				DEBUG_INFORMATION_FORMAT = dwarf;
				ENABLE_STRICT_OBJC_MSGSEND = YES;
				ENABLE_TESTABILITY = YES;
				GCC_C_LANGUAGE_STANDARD = gnu11;
				GCC_DYNAMIC_NO_PIC = NO;
				GCC_NO_COMMON_BLOCKS = YES;
				GCC_OPTIMIZATION_LEVEL = 0;
				GCC_PREPROCESSOR_DEFINITIONS = (
					"DEBUG=1",
					"$(inherited)",
				);
				GCC_WARN_64_TO_32_BIT_CONVERSION = YES;
				GCC_WARN_ABOUT_RETURN_TYPE = YES_ERROR;
				GCC_WARN_UNDECLARED_SELECTOR = YES;
				GCC_WARN_UNINITIALIZED_AUTOS = YES_AGGRESSIVE;
				GCC_WARN_UNUSED_FUNCTION = YES;
				GCC_WARN_UNUSED_VARIABLE = YES;
				IPHONEOS_DEPLOYMENT_TARGET = 12.2;
				MTL_ENABLE_DEBUG_INFO = INCLUDE_SOURCE;
				MTL_FAST_MATH = YES;
				ONLY_ACTIVE_ARCH = YES;
				SDKROOT = iphoneos;
				SWIFT_ACTIVE_COMPILATION_CONDITIONS = DEBUG;
				SWIFT_OPTIMIZATION_LEVEL = "-Onone";
			};
			name = Debug;
		};
		900A58CD2257F01200C2C626 /* Release */ = {
			isa = XCBuildConfiguration;
			buildSettings = {
				ALWAYS_SEARCH_USER_PATHS = NO;
				CLANG_ANALYZER_NONNULL = YES;
				CLANG_ANALYZER_NUMBER_OBJECT_CONVERSION = YES_AGGRESSIVE;
				CLANG_CXX_LANGUAGE_STANDARD = "gnu++14";
				CLANG_CXX_LIBRARY = "libc++";
				CLANG_ENABLE_MODULES = YES;
				CLANG_ENABLE_OBJC_ARC = YES;
				CLANG_ENABLE_OBJC_WEAK = YES;
				CLANG_WARN_BLOCK_CAPTURE_AUTORELEASING = YES;
				CLANG_WARN_BOOL_CONVERSION = YES;
				CLANG_WARN_COMMA = YES;
				CLANG_WARN_CONSTANT_CONVERSION = YES;
				CLANG_WARN_DEPRECATED_OBJC_IMPLEMENTATIONS = YES;
				CLANG_WARN_DIRECT_OBJC_ISA_USAGE = YES_ERROR;
				CLANG_WARN_DOCUMENTATION_COMMENTS = YES;
				CLANG_WARN_EMPTY_BODY = YES;
				CLANG_WARN_ENUM_CONVERSION = YES;
				CLANG_WARN_INFINITE_RECURSION = YES;
				CLANG_WARN_INT_CONVERSION = YES;
				CLANG_WARN_NON_LITERAL_NULL_CONVERSION = YES;
				CLANG_WARN_OBJC_IMPLICIT_RETAIN_SELF = YES;
				CLANG_WARN_OBJC_LITERAL_CONVERSION = YES;
				CLANG_WARN_OBJC_ROOT_CLASS = YES_ERROR;
				CLANG_WARN_RANGE_LOOP_ANALYSIS = YES;
				CLANG_WARN_STRICT_PROTOTYPES = YES;
				CLANG_WARN_SUSPICIOUS_MOVE = YES;
				CLANG_WARN_UNGUARDED_AVAILABILITY = YES_AGGRESSIVE;
				CLANG_WARN_UNREACHABLE_CODE = YES;
				CLANG_WARN__DUPLICATE_METHOD_MATCH = YES;
				CODE_SIGN_IDENTITY = "iPhone Developer";
				COPY_PHASE_STRIP = NO;
				DEBUG_INFORMATION_FORMAT = "dwarf-with-dsym";
				ENABLE_NS_ASSERTIONS = NO;
				ENABLE_STRICT_OBJC_MSGSEND = YES;
				GCC_C_LANGUAGE_STANDARD = gnu11;
				GCC_NO_COMMON_BLOCKS = YES;
				GCC_WARN_64_TO_32_BIT_CONVERSION = YES;
				GCC_WARN_ABOUT_RETURN_TYPE = YES_ERROR;
				GCC_WARN_UNDECLARED_SELECTOR = YES;
				GCC_WARN_UNINITIALIZED_AUTOS = YES_AGGRESSIVE;
				GCC_WARN_UNUSED_FUNCTION = YES;
				GCC_WARN_UNUSED_VARIABLE = YES;
				IPHONEOS_DEPLOYMENT_TARGET = 12.2;
				MTL_ENABLE_DEBUG_INFO = NO;
				MTL_FAST_MATH = YES;
				SDKROOT = iphoneos;
				SWIFT_COMPILATION_MODE = wholemodule;
				SWIFT_OPTIMIZATION_LEVEL = "-O";
				VALIDATE_PRODUCT = YES;
			};
			name = Release;
		};
		900A58CF2257F01200C2C626 /* Debug */ = {
			isa = XCBuildConfiguration;
			buildSettings = {
				ASSETCATALOG_COMPILER_APPICON_NAME = AppIcon;
				CODE_SIGN_IDENTITY = "iPhone Developer";
				CODE_SIGN_STYLE = Automatic;
				DEVELOPMENT_TEAM = RJ364J35FH;
				INFOPLIST_FILE = StellarApp/Info.plist;
				LD_RUNPATH_SEARCH_PATHS = (
					"$(inherited)",
					"@executable_path/Frameworks",
				);
				PRODUCT_BUNDLE_IDENTIFIER = pursuit.StellarApps;
				PRODUCT_NAME = "$(TARGET_NAME)";
				PROVISIONING_PROFILE_SPECIFIER = "";
				SWIFT_VERSION = 5.0;
				TARGETED_DEVICE_FAMILY = "1,2";
			};
			name = Debug;
		};
		900A58D02257F01200C2C626 /* Release */ = {
			isa = XCBuildConfiguration;
			buildSettings = {
				ASSETCATALOG_COMPILER_APPICON_NAME = AppIcon;
				CODE_SIGN_IDENTITY = "iPhone Developer";
				CODE_SIGN_STYLE = Automatic;
				DEVELOPMENT_TEAM = RJ364J35FH;
				INFOPLIST_FILE = StellarApp/Info.plist;
				LD_RUNPATH_SEARCH_PATHS = (
					"$(inherited)",
					"@executable_path/Frameworks",
				);
				PRODUCT_BUNDLE_IDENTIFIER = pursuit.StellarApps;
				PRODUCT_NAME = "$(TARGET_NAME)";
				PROVISIONING_PROFILE_SPECIFIER = "";
				SWIFT_VERSION = 5.0;
				TARGETED_DEVICE_FAMILY = "1,2";
			};
			name = Release;
		};
/* End XCBuildConfiguration section */

/* Begin XCConfigurationList section */
		900A58B52257F01100C2C626 /* Build configuration list for PBXProject "StellarApp" */ = {
			isa = XCConfigurationList;
			buildConfigurations = (
				900A58CC2257F01200C2C626 /* Debug */,
				900A58CD2257F01200C2C626 /* Release */,
			);
			defaultConfigurationIsVisible = 0;
			defaultConfigurationName = Release;
		};
		900A58CE2257F01200C2C626 /* Build configuration list for PBXNativeTarget "StellarApp" */ = {
			isa = XCConfigurationList;
			buildConfigurations = (
				900A58CF2257F01200C2C626 /* Debug */,
				900A58D02257F01200C2C626 /* Release */,
			);
			defaultConfigurationIsVisible = 0;
			defaultConfigurationName = Release;
		};
/* End XCConfigurationList section */
	};
	rootObject = 900A58B22257F01100C2C626 /* Project object */;
}
